// !$*UTF8*$!
{
	archiveVersion = 1;
	classes = {
	};
	objectVersion = 50;
	objects = {

/* Begin PBXBuildFile section */
		A4F9FDCE21A3AC2F000C8518 /* AppDelegate.m in Sources */ = {isa = PBXBuildFile; fileRef = A4F9FDCD21A3AC2F000C8518 /* AppDelegate.m */; };
		A4F9FDD121A3AC2F000C8518 /* ViewController.m in Sources */ = {isa = PBXBuildFile; fileRef = A4F9FDD021A3AC2F000C8518 /* ViewController.m */; };
		A4F9FDD421A3AC2F000C8518 /* Main.storyboard in Resources */ = {isa = PBXBuildFile; fileRef = A4F9FDD221A3AC2F000C8518 /* Main.storyboard */; };
		A4F9FDD621A3AC30000C8518 /* Assets.xcassets in Resources */ = {isa = PBXBuildFile; fileRef = A4F9FDD521A3AC30000C8518 /* Assets.xcassets */; };
		A4F9FDD921A3AC30000C8518 /* LaunchScreen.storyboard in Resources */ = {isa = PBXBuildFile; fileRef = A4F9FDD721A3AC30000C8518 /* LaunchScreen.storyboard */; };
		A4F9FDDC21A3AC30000C8518 /* main.m in Sources */ = {isa = PBXBuildFile; fileRef = A4F9FDDB21A3AC30000C8518 /* main.m */; };
		A4F9FDEE21A3B32E000C8518 /* PhotoAssessmentKit.framework in Frameworks */ = {isa = PBXBuildFile; fileRef = A4F9FDED21A3B32E000C8518 /* PhotoAssessmentKit.framework */; };
		A4F9FDEF21A3B32E000C8518 /* PhotoAssessmentKit.framework in Embed Frameworks */ = {isa = PBXBuildFile; fileRef = A4F9FDED21A3B32E000C8518 /* PhotoAssessmentKit.framework */; settings = {ATTRIBUTES = (CodeSignOnCopy, RemoveHeadersOnCopy, ); }; };
/* End PBXBuildFile section */

/* Begin PBXCopyFilesBuildPhase section */
		A4F9FDE921A3B229000C8518 /* Embed Frameworks */ = {
			isa = PBXCopyFilesBuildPhase;
			buildActionMask = 2147483647;
			dstPath = "";
			dstSubfolderSpec = 10;
			files = (
				A4F9FDEF21A3B32E000C8518 /* PhotoAssessmentKit.framework in Embed Frameworks */,
			);
			name = "Embed Frameworks";
			runOnlyForDeploymentPostprocessing = 0;
		};
/* End PBXCopyFilesBuildPhase section */

/* Begin PBXFileReference section */
		A4F9FDC921A3AC2F000C8518 /* PhotoAssessmentUsageDemo.app */ = {isa = PBXFileReference; explicitFileType = wrapper.application; includeInIndex = 0; path = PhotoAssessmentUsageDemo.app; sourceTree = BUILT_PRODUCTS_DIR; };
		A4F9FDCC21A3AC2F000C8518 /* AppDelegate.h */ = {isa = PBXFileReference; lastKnownFileType = sourcecode.c.h; path = AppDelegate.h; sourceTree = "<group>"; };
		A4F9FDCD21A3AC2F000C8518 /* AppDelegate.m */ = {isa = PBXFileReference; lastKnownFileType = sourcecode.c.objc; path = AppDelegate.m; sourceTree = "<group>"; };
		A4F9FDCF21A3AC2F000C8518 /* ViewController.h */ = {isa = PBXFileReference; lastKnownFileType = sourcecode.c.h; path = ViewController.h; sourceTree = "<group>"; };
		A4F9FDD021A3AC2F000C8518 /* ViewController.m */ = {isa = PBXFileReference; lastKnownFileType = sourcecode.c.objc; path = ViewController.m; sourceTree = "<group>"; };
		A4F9FDD321A3AC2F000C8518 /* Base */ = {isa = PBXFileReference; lastKnownFileType = file.storyboard; name = Base; path = Base.lproj/Main.storyboard; sourceTree = "<group>"; };
		A4F9FDD521A3AC30000C8518 /* Assets.xcassets */ = {isa = PBXFileReference; lastKnownFileType = folder.assetcatalog; path = Assets.xcassets; sourceTree = "<group>"; };
		A4F9FDD821A3AC30000C8518 /* Base */ = {isa = PBXFileReference; lastKnownFileType = file.storyboard; name = Base; path = Base.lproj/LaunchScreen.storyboard; sourceTree = "<group>"; };
		A4F9FDDA21A3AC30000C8518 /* Info.plist */ = {isa = PBXFileReference; lastKnownFileType = text.plist.xml; path = Info.plist; sourceTree = "<group>"; };
		A4F9FDDB21A3AC30000C8518 /* main.m */ = {isa = PBXFileReference; lastKnownFileType = sourcecode.c.objc; path = main.m; sourceTree = "<group>"; };
		A4F9FDED21A3B32E000C8518 /* PhotoAssessmentKit.framework */ = {isa = PBXFileReference; lastKnownFileType = wrapper.framework; path = PhotoAssessmentKit.framework; sourceTree = "<group>"; };
/* End PBXFileReference section */

/* Begin PBXFrameworksBuildPhase section */
		A4F9FDC621A3AC2F000C8518 /* Frameworks */ = {
			isa = PBXFrameworksBuildPhase;
			buildActionMask = 2147483647;
			files = (
				A4F9FDEE21A3B32E000C8518 /* PhotoAssessmentKit.framework in Frameworks */,
			);
			runOnlyForDeploymentPostprocessing = 0;
		};
/* End PBXFrameworksBuildPhase section */

/* Begin PBXGroup section */
		A4F9FDC021A3AC2F000C8518 = {
			isa = PBXGroup;
			children = (
				A4F9FDED21A3B32E000C8518 /* PhotoAssessmentKit.framework */,
				A4F9FDCB21A3AC2F000C8518 /* PhotoAssessmentUsageDemo */,
				A4F9FDCA21A3AC2F000C8518 /* Products */,
			);
			sourceTree = "<group>";
		};
		A4F9FDCA21A3AC2F000C8518 /* Products */ = {
			isa = PBXGroup;
			children = (
				A4F9FDC921A3AC2F000C8518 /* PhotoAssessmentUsageDemo.app */,
			);
			name = Products;
			sourceTree = "<group>";
		};
		A4F9FDCB21A3AC2F000C8518 /* PhotoAssessmentUsageDemo */ = {
			isa = PBXGroup;
			children = (
				A4F9FDCC21A3AC2F000C8518 /* AppDelegate.h */,
				A4F9FDCD21A3AC2F000C8518 /* AppDelegate.m */,
				A4F9FDCF21A3AC2F000C8518 /* ViewController.h */,
				A4F9FDD021A3AC2F000C8518 /* ViewController.m */,
				A4F9FDD221A3AC2F000C8518 /* Main.storyboard */,
				A4F9FDD521A3AC30000C8518 /* Assets.xcassets */,
				A4F9FDD721A3AC30000C8518 /* LaunchScreen.storyboard */,
				A4F9FDDA21A3AC30000C8518 /* Info.plist */,
				A4F9FDDB21A3AC30000C8518 /* main.m */,
			);
			path = PhotoAssessmentUsageDemo;
			sourceTree = "<group>";
		};
/* End PBXGroup section */

/* Begin PBXNativeTarget section */
		A4F9FDC821A3AC2F000C8518 /* PhotoAssessmentUsageDemo */ = {
			isa = PBXNativeTarget;
			buildConfigurationList = A4F9FDDF21A3AC30000C8518 /* Build configuration list for PBXNativeTarget "PhotoAssessmentUsageDemo" */;
			buildPhases = (
				A4F9FDC521A3AC2F000C8518 /* Sources */,
				A4F9FDC621A3AC2F000C8518 /* Frameworks */,
				A4F9FDC721A3AC2F000C8518 /* Resources */,
				A4F9FDE921A3B229000C8518 /* Embed Frameworks */,
			);
			buildRules = (
			);
			dependencies = (
			);
			name = PhotoAssessmentUsageDemo;
			productName = PhotoAssessmentUsageDemo;
			productReference = A4F9FDC921A3AC2F000C8518 /* PhotoAssessmentUsageDemo.app */;
			productType = "com.apple.product-type.application";
		};
/* End PBXNativeTarget section */

/* Begin PBXProject section */
		A4F9FDC121A3AC2F000C8518 /* Project object */ = {
			isa = PBXProject;
			attributes = {
				LastUpgradeCheck = 1010;
				ORGANIZATIONNAME = "杨萧玉";
				TargetAttributes = {
					A4F9FDC821A3AC2F000C8518 = {
						CreatedOnToolsVersion = 10.1;
					};
				};
			};
			buildConfigurationList = A4F9FDC421A3AC2F000C8518 /* Build configuration list for PBXProject "PhotoAssessmentUsageDemo" */;
			compatibilityVersion = "Xcode 9.3";
			developmentRegion = en;
			hasScannedForEncodings = 0;
			knownRegions = (
				en,
				Base,
			);
			mainGroup = A4F9FDC021A3AC2F000C8518;
			productRefGroup = A4F9FDCA21A3AC2F000C8518 /* Products */;
			projectDirPath = "";
			projectRoot = "";
			targets = (
				A4F9FDC821A3AC2F000C8518 /* PhotoAssessmentUsageDemo */,
			);
		};
/* End PBXProject section */

/* Begin PBXResourcesBuildPhase section */
		A4F9FDC721A3AC2F000C8518 /* Resources */ = {
			isa = PBXResourcesBuildPhase;
			buildActionMask = 2147483647;
			files = (
				A4F9FDD921A3AC30000C8518 /* LaunchScreen.storyboard in Resources */,
				A4F9FDD621A3AC30000C8518 /* Assets.xcassets in Resources */,
				A4F9FDD421A3AC2F000C8518 /* Main.storyboard in Resources */,
			);
			runOnlyForDeploymentPostprocessing = 0;
		};
/* End PBXResourcesBuildPhase section */

/* Begin PBXSourcesBuildPhase section */
		A4F9FDC521A3AC2F000C8518 /* Sources */ = {
			isa = PBXSourcesBuildPhase;
			buildActionMask = 2147483647;
			files = (
				A4F9FDD121A3AC2F000C8518 /* ViewController.m in Sources */,
				A4F9FDDC21A3AC30000C8518 /* main.m in Sources */,
				A4F9FDCE21A3AC2F000C8518 /* AppDelegate.m in Sources */,
			);
			runOnlyForDeploymentPostprocessing = 0;
		};
/* End PBXSourcesBuildPhase section */

/* Begin PBXVariantGroup section */
		A4F9FDD221A3AC2F000C8518 /* Main.storyboard */ = {
			isa = PBXVariantGroup;
			children = (
				A4F9FDD321A3AC2F000C8518 /* Base */,
			);
			name = Main.storyboard;
			sourceTree = "<group>";
		};
		A4F9FDD721A3AC30000C8518 /* LaunchScreen.storyboard */ = {
			isa = PBXVariantGroup;
			children = (
				A4F9FDD821A3AC30000C8518 /* Base */,
			);
			name = LaunchScreen.storyboard;
			sourceTree = "<group>";
		};
/* End PBXVariantGroup section */

/* Begin XCBuildConfiguration section */
		A4F9FDDD21A3AC30000C8518 /* Debug */ = {
			isa = XCBuildConfiguration;
			buildSettings = {
				ALWAYS_SEARCH_USER_PATHS = NO;
				CLANG_ANALYZER_NONNULL = YES;
				CLANG_ANALYZER_NUMBER_OBJECT_CONVERSION = YES_AGGRESSIVE;
				CLANG_CXX_LANGUAGE_STANDARD = "gnu++14";
				CLANG_CXX_LIBRARY = "libc++";
				CLANG_ENABLE_MODULES = YES;
				CLANG_ENABLE_OBJC_ARC = YES;
				CLANG_ENABLE_OBJC_WEAK = YES;
				CLANG_WARN_BLOCK_CAPTURE_AUTORELEASING = YES;
				CLANG_WARN_BOOL_CONVERSION = YES;
				CLANG_WARN_COMMA = YES;
				CLANG_WARN_CONSTANT_CONVERSION = YES;
				CLANG_WARN_DEPRECATED_OBJC_IMPLEMENTATIONS = YES;
				CLANG_WARN_DIRECT_OBJC_ISA_USAGE = YES_ERROR;
				CLANG_WARN_DOCUMENTATION_COMMENTS = YES;
				CLANG_WARN_EMPTY_BODY = YES;
				CLANG_WARN_ENUM_CONVERSION = YES;
				CLANG_WARN_INFINITE_RECURSION = YES;
				CLANG_WARN_INT_CONVERSION = YES;
				CLANG_WARN_NON_LITERAL_NULL_CONVERSION = YES;
				CLANG_WARN_OBJC_IMPLICIT_RETAIN_SELF = YES;
				CLANG_WARN_OBJC_LITERAL_CONVERSION = YES;
				CLANG_WARN_OBJC_ROOT_CLASS = YES_ERROR;
				CLANG_WARN_RANGE_LOOP_ANALYSIS = YES;
				CLANG_WARN_STRICT_PROTOTYPES = YES;
				CLANG_WARN_SUSPICIOUS_MOVE = YES;
				CLANG_WARN_UNGUARDED_AVAILABILITY = YES_AGGRESSIVE;
				CLANG_WARN_UNREACHABLE_CODE = YES;
				CLANG_WARN__DUPLICATE_METHOD_MATCH = YES;
				CODE_SIGN_IDENTITY = "iPhone Developer";
				COPY_PHASE_STRIP = NO;
				DEBUG_INFORMATION_FORMAT = dwarf;
				ENABLE_STRICT_OBJC_MSGSEND = YES;
				ENABLE_TESTABILITY = YES;
				GCC_C_LANGUAGE_STANDARD = gnu11;
				GCC_DYNAMIC_NO_PIC = NO;
				GCC_NO_COMMON_BLOCKS = YES;
				GCC_OPTIMIZATION_LEVEL = 0;
				GCC_PREPROCESSOR_DEFINITIONS = (
					"DEBUG=1",
					"$(inherited)",
				);
				GCC_WARN_64_TO_32_BIT_CONVERSION = YES;
				GCC_WARN_ABOUT_RETURN_TYPE = YES_ERROR;
				GCC_WARN_UNDECLARED_SELECTOR = YES;
				GCC_WARN_UNINITIALIZED_AUTOS = YES_AGGRESSIVE;
				GCC_WARN_UNUSED_FUNCTION = YES;
				GCC_WARN_UNUSED_VARIABLE = YES;
				IPHONEOS_DEPLOYMENT_TARGET = 12.1;
				MTL_ENABLE_DEBUG_INFO = INCLUDE_SOURCE;
				MTL_FAST_MATH = YES;
				ONLY_ACTIVE_ARCH = YES;
				SDKROOT = iphoneos;
			};
			name = Debug;
		};
		A4F9FDDE21A3AC30000C8518 /* Release */ = {
			isa = XCBuildConfiguration;
			buildSettings = {
				ALWAYS_SEARCH_USER_PATHS = NO;
				CLANG_ANALYZER_NONNULL = YES;
				CLANG_ANALYZER_NUMBER_OBJECT_CONVERSION = YES_AGGRESSIVE;
				CLANG_CXX_LANGUAGE_STANDARD = "gnu++14";
				CLANG_CXX_LIBRARY = "libc++";
				CLANG_ENABLE_MODULES = YES;
				CLANG_ENABLE_OBJC_ARC = YES;
				CLANG_ENABLE_OBJC_WEAK = YES;
				CLANG_WARN_BLOCK_CAPTURE_AUTORELEASING = YES;
				CLANG_WARN_BOOL_CONVERSION = YES;
				CLANG_WARN_COMMA = YES;
				CLANG_WARN_CONSTANT_CONVERSION = YES;
				CLANG_WARN_DEPRECATED_OBJC_IMPLEMENTATIONS = YES;
				CLANG_WARN_DIRECT_OBJC_ISA_USAGE = YES_ERROR;
				CLANG_WARN_DOCUMENTATION_COMMENTS = YES;
				CLANG_WARN_EMPTY_BODY = YES;
				CLANG_WARN_ENUM_CONVERSION = YES;
				CLANG_WARN_INFINITE_RECURSION = YES;
				CLANG_WARN_INT_CONVERSION = YES;
				CLANG_WARN_NON_LITERAL_NULL_CONVERSION = YES;
				CLANG_WARN_OBJC_IMPLICIT_RETAIN_SELF = YES;
				CLANG_WARN_OBJC_LITERAL_CONVERSION = YES;
				CLANG_WARN_OBJC_ROOT_CLASS = YES_ERROR;
				CLANG_WARN_RANGE_LOOP_ANALYSIS = YES;
				CLANG_WARN_STRICT_PROTOTYPES = YES;
				CLANG_WARN_SUSPICIOUS_MOVE = YES;
				CLANG_WARN_UNGUARDED_AVAILABILITY = YES_AGGRESSIVE;
				CLANG_WARN_UNREACHABLE_CODE = YES;
				CLANG_WARN__DUPLICATE_METHOD_MATCH = YES;
				CODE_SIGN_IDENTITY = "iPhone Developer";
				COPY_PHASE_STRIP = NO;
				DEBUG_INFORMATION_FORMAT = "dwarf-with-dsym";
				ENABLE_NS_ASSERTIONS = NO;
				ENABLE_STRICT_OBJC_MSGSEND = YES;
				GCC_C_LANGUAGE_STANDARD = gnu11;
				GCC_NO_COMMON_BLOCKS = YES;
				GCC_WARN_64_TO_32_BIT_CONVERSION = YES;
				GCC_WARN_ABOUT_RETURN_TYPE = YES_ERROR;
				GCC_WARN_UNDECLARED_SELECTOR = YES;
				GCC_WARN_UNINITIALIZED_AUTOS = YES_AGGRESSIVE;
				GCC_WARN_UNUSED_FUNCTION = YES;
				GCC_WARN_UNUSED_VARIABLE = YES;
				IPHONEOS_DEPLOYMENT_TARGET = 12.1;
				MTL_ENABLE_DEBUG_INFO = NO;
				MTL_FAST_MATH = YES;
				SDKROOT = iphoneos;
				VALIDATE_PRODUCT = YES;
			};
			name = Release;
		};
		A4F9FDE021A3AC30000C8518 /* Debug */ = {
			isa = XCBuildConfiguration;
			buildSettings = {
				ASSETCATALOG_COMPILER_APPICON_NAME = AppIcon;
				CODE_SIGN_STYLE = Automatic;
				DEVELOPMENT_TEAM = D3RCVUP6VH;
				FRAMEWORK_SEARCH_PATHS = (
					"$(inherited)",
					"$(PROJECT_DIR)",
				);
				INFOPLIST_FILE = PhotoAssessmentUsageDemo/Info.plist;
				LD_RUNPATH_SEARCH_PATHS = (
					"$(inherited)",
					"@executable_path/Frameworks",
				);
				PRODUCT_BUNDLE_IDENTIFIER = com.yulingtianxia.PhotoAssessmentUsageDemo;
				PRODUCT_NAME = "$(TARGET_NAME)";
				TARGETED_DEVICE_FAMILY = "1,2";
			};
			name = Debug;
		};
		A4F9FDE121A3AC30000C8518 /* Release */ = {
			isa = XCBuildConfiguration;
			buildSettings = {
				ASSETCATALOG_COMPILER_APPICON_NAME = AppIcon;
				CODE_SIGN_STYLE = Automatic;
				DEVELOPMENT_TEAM = D3RCVUP6VH;
				FRAMEWORK_SEARCH_PATHS = (
					"$(inherited)",
					"$(PROJECT_DIR)",
				);
				INFOPLIST_FILE = PhotoAssessmentUsageDemo/Info.plist;
				LD_RUNPATH_SEARCH_PATHS = (
					"$(inherited)",
					"@executable_path/Frameworks",
				);
				PRODUCT_BUNDLE_IDENTIFIER = com.yulingtianxia.PhotoAssessmentUsageDemo;
				PRODUCT_NAME = "$(TARGET_NAME)";
				TARGETED_DEVICE_FAMILY = "1,2";
			};
			name = Release;
		};
/* End XCBuildConfiguration section */

/* Begin XCConfigurationList section */
		A4F9FDC421A3AC2F000C8518 /* Build configuration list for PBXProject "PhotoAssessmentUsageDemo" */ = {
			isa = XCConfigurationList;
			buildConfigurations = (
				A4F9FDDD21A3AC30000C8518 /* Debug */,
				A4F9FDDE21A3AC30000C8518 /* Release */,
			);
			defaultConfigurationIsVisible = 0;
			defaultConfigurationName = Release;
		};
		A4F9FDDF21A3AC30000C8518 /* Build configuration list for PBXNativeTarget "PhotoAssessmentUsageDemo" */ = {
			isa = XCConfigurationList;
			buildConfigurations = (
				A4F9FDE021A3AC30000C8518 /* Debug */,
				A4F9FDE121A3AC30000C8518 /* Release */,
			);
			defaultConfigurationIsVisible = 0;
			defaultConfigurationName = Release;
		};
/* End XCConfigurationList section */
	};
	rootObject = A4F9FDC121A3AC2F000C8518 /* Project object */;
}
