// !$*UTF8*$!
{
	archiveVersion = 1;
	classes = {
	};
	objectVersion = 50;
	objects = {

/* Begin PBXBuildFile section */
		A412CF652195BE4A00306823 /* AppDelegate.swift in Sources */ = {isa = PBXBuildFile; fileRef = A412CF642195BE4A00306823 /* AppDelegate.swift */; };
		A412CF672195BE4A00306823 /* ViewController.swift in Sources */ = {isa = PBXBuildFile; fileRef = A412CF662195BE4A00306823 /* ViewController.swift */; };
		A412CF6A2195BE4A00306823 /* Main.storyboard in Resources */ = {isa = PBXBuildFile; fileRef = A412CF682195BE4A00306823 /* Main.storyboard */; };
		A412CF6C2195BE4D00306823 /* Assets.xcassets in Resources */ = {isa = PBXBuildFile; fileRef = A412CF6B2195BE4D00306823 /* Assets.xcassets */; };
		A412CF6F2195BE4D00306823 /* LaunchScreen.storyboard in Resources */ = {isa = PBXBuildFile; fileRef = A412CF6D2195BE4D00306823 /* LaunchScreen.storyboard */; };
		A412CF9C21A00C3000306823 /* MPSImageProcessor.swift in Sources */ = {isa = PBXBuildFile; fileRef = A412CF9B21A00C3000306823 /* MPSImageProcessor.swift */; };
		A487816821A14EBF005C3CD8 /* Utils.swift in Sources */ = {isa = PBXBuildFile; fileRef = A487816721A14EBF005C3CD8 /* Utils.swift */; };
		A4F9FD8C219BDA20000C8518 /* NIMANasnet.mlmodel in Sources */ = {isa = PBXBuildFile; fileRef = A4F9FD8B219BDA20000C8518 /* NIMANasnet.mlmodel */; };
/* End PBXBuildFile section */

/* Begin PBXFileReference section */
		A412CF612195BE4A00306823 /* PhotoAssessment.app */ = {isa = PBXFileReference; explicitFileType = wrapper.application; includeInIndex = 0; path = PhotoAssessment.app; sourceTree = BUILT_PRODUCTS_DIR; };
		A412CF642195BE4A00306823 /* AppDelegate.swift */ = {isa = PBXFileReference; lastKnownFileType = sourcecode.swift; path = AppDelegate.swift; sourceTree = "<group>"; };
		A412CF662195BE4A00306823 /* ViewController.swift */ = {isa = PBXFileReference; lastKnownFileType = sourcecode.swift; path = ViewController.swift; sourceTree = "<group>"; };
		A412CF692195BE4A00306823 /* Base */ = {isa = PBXFileReference; lastKnownFileType = file.storyboard; name = Base; path = Base.lproj/Main.storyboard; sourceTree = "<group>"; };
		A412CF6B2195BE4D00306823 /* Assets.xcassets */ = {isa = PBXFileReference; lastKnownFileType = folder.assetcatalog; path = Assets.xcassets; sourceTree = "<group>"; };
		A412CF6E2195BE4D00306823 /* Base */ = {isa = PBXFileReference; lastKnownFileType = file.storyboard; name = Base; path = Base.lproj/LaunchScreen.storyboard; sourceTree = "<group>"; };
		A412CF702195BE4D00306823 /* Info.plist */ = {isa = PBXFileReference; lastKnownFileType = text.plist.xml; path = Info.plist; sourceTree = "<group>"; };
		A412CF9B21A00C3000306823 /* MPSImageProcessor.swift */ = {isa = PBXFileReference; lastKnownFileType = sourcecode.swift; path = MPSImageProcessor.swift; sourceTree = "<group>"; };
		A412CFA421A0421900306823 /* PhotoAssessment-Bridging-Header.h */ = {isa = PBXFileReference; lastKnownFileType = sourcecode.c.h; path = "PhotoAssessment-Bridging-Header.h"; sourceTree = "<group>"; };
		A487816721A14EBF005C3CD8 /* Utils.swift */ = {isa = PBXFileReference; lastKnownFileType = sourcecode.swift; path = Utils.swift; sourceTree = "<group>"; };
		A4F9FD8B219BDA20000C8518 /* NIMANasnet.mlmodel */ = {isa = PBXFileReference; lastKnownFileType = file.mlmodel; name = NIMANasnet.mlmodel; path = ../../../ConvertMLModel/NIMA/models/NIMANasnet.mlmodel; sourceTree = "<group>"; };
/* End PBXFileReference section */

/* Begin PBXFrameworksBuildPhase section */
		A412CF5E2195BE4A00306823 /* Frameworks */ = {
			isa = PBXFrameworksBuildPhase;
			buildActionMask = 2147483647;
			files = (
			);
			runOnlyForDeploymentPostprocessing = 0;
		};
/* End PBXFrameworksBuildPhase section */

/* Begin PBXGroup section */
		A412CF582195BE4A00306823 = {
			isa = PBXGroup;
			children = (
				A412CF632195BE4A00306823 /* PhotoAssessment */,
				A412CF622195BE4A00306823 /* Products */,
			);
			sourceTree = "<group>";
		};
		A412CF622195BE4A00306823 /* Products */ = {
			isa = PBXGroup;
			children = (
				A412CF612195BE4A00306823 /* PhotoAssessment.app */,
			);
			name = Products;
			sourceTree = "<group>";
		};
		A412CF632195BE4A00306823 /* PhotoAssessment */ = {
			isa = PBXGroup;
			children = (
				A412CF762195CC3A00306823 /* Model */,
				A412CF642195BE4A00306823 /* AppDelegate.swift */,
				A487816721A14EBF005C3CD8 /* Utils.swift */,
				A412CF662195BE4A00306823 /* ViewController.swift */,
				A412CF9B21A00C3000306823 /* MPSImageProcessor.swift */,
				A412CF682195BE4A00306823 /* Main.storyboard */,
				A412CF6B2195BE4D00306823 /* Assets.xcassets */,
				A412CF6D2195BE4D00306823 /* LaunchScreen.storyboard */,
				A412CF702195BE4D00306823 /* Info.plist */,
				A412CFA421A0421900306823 /* PhotoAssessment-Bridging-Header.h */,
			);
			path = PhotoAssessment;
			sourceTree = "<group>";
		};
		A412CF762195CC3A00306823 /* Model */ = {
			isa = PBXGroup;
			children = (
				A4F9FD8B219BDA20000C8518 /* NIMANasnet.mlmodel */,
			);
			path = Model;
			sourceTree = "<group>";
		};
/* End PBXGroup section */

/* Begin PBXNativeTarget section */
		A412CF602195BE4A00306823 /* PhotoAssessment */ = {
			isa = PBXNativeTarget;
			buildConfigurationList = A412CF732195BE4D00306823 /* Build configuration list for PBXNativeTarget "PhotoAssessment" */;
			buildPhases = (
				A412CF5D2195BE4A00306823 /* Sources */,
				A412CF5E2195BE4A00306823 /* Frameworks */,
				A412CF5F2195BE4A00306823 /* Resources */,
			);
			buildRules = (
			);
			dependencies = (
			);
			name = PhotoAssessment;
			productName = PhotoAssessment;
			productReference = A412CF612195BE4A00306823 /* PhotoAssessment.app */;
			productType = "com.apple.product-type.application";
		};
/* End PBXNativeTarget section */

/* Begin PBXProject section */
		A412CF592195BE4A00306823 /* Project object */ = {
			isa = PBXProject;
			attributes = {
				LastSwiftUpdateCheck = 1010;
				LastUpgradeCheck = 1010;
				ORGANIZATIONNAME = "杨萧玉";
				TargetAttributes = {
					A412CF602195BE4A00306823 = {
						CreatedOnToolsVersion = 10.1;
						LastSwiftMigration = 1010;
					};
				};
			};
			buildConfigurationList = A412CF5C2195BE4A00306823 /* Build configuration list for PBXProject "PhotoAssessment" */;
			compatibilityVersion = "Xcode 9.3";
			developmentRegion = en;
			hasScannedForEncodings = 0;
			knownRegions = (
				en,
				Base,
			);
			mainGroup = A412CF582195BE4A00306823;
			productRefGroup = A412CF622195BE4A00306823 /* Products */;
			projectDirPath = "";
			projectRoot = "";
			targets = (
				A412CF602195BE4A00306823 /* PhotoAssessment */,
			);
		};
/* End PBXProject section */

/* Begin PBXResourcesBuildPhase section */
		A412CF5F2195BE4A00306823 /* Resources */ = {
			isa = PBXResourcesBuildPhase;
			buildActionMask = 2147483647;
			files = (
				A412CF6F2195BE4D00306823 /* LaunchScreen.storyboard in Resources */,
				A412CF6C2195BE4D00306823 /* Assets.xcassets in Resources */,
				A412CF6A2195BE4A00306823 /* Main.storyboard in Resources */,
			);
			runOnlyForDeploymentPostprocessing = 0;
		};
/* End PBXResourcesBuildPhase section */

/* Begin PBXSourcesBuildPhase section */
		A412CF5D2195BE4A00306823 /* Sources */ = {
			isa = PBXSourcesBuildPhase;
			buildActionMask = 2147483647;
			files = (
				A4F9FD8C219BDA20000C8518 /* NIMANasnet.mlmodel in Sources */,
				A412CF672195BE4A00306823 /* ViewController.swift in Sources */,
				A412CF9C21A00C3000306823 /* MPSImageProcessor.swift in Sources */,
				A412CF652195BE4A00306823 /* AppDelegate.swift in Sources */,
				A487816821A14EBF005C3CD8 /* Utils.swift in Sources */,
			);
			runOnlyForDeploymentPostprocessing = 0;
		};
/* End PBXSourcesBuildPhase section */

/* Begin PBXVariantGroup section */
		A412CF682195BE4A00306823 /* Main.storyboard */ = {
			isa = PBXVariantGroup;
			children = (
				A412CF692195BE4A00306823 /* Base */,
			);
			name = Main.storyboard;
			sourceTree = "<group>";
		};
		A412CF6D2195BE4D00306823 /* LaunchScreen.storyboard */ = {
			isa = PBXVariantGroup;
			children = (
				A412CF6E2195BE4D00306823 /* Base */,
			);
			name = LaunchScreen.storyboard;
			sourceTree = "<group>";
		};
/* End PBXVariantGroup section */

/* Begin XCBuildConfiguration section */
		A412CF712195BE4D00306823 /* Debug */ = {
			isa = XCBuildConfiguration;
			buildSettings = {
				ALWAYS_SEARCH_USER_PATHS = NO;
				CLANG_ANALYZER_NONNULL = YES;
				CLANG_ANALYZER_NUMBER_OBJECT_CONVERSION = YES_AGGRESSIVE;
				CLANG_CXX_LANGUAGE_STANDARD = "gnu++14";
				CLANG_CXX_LIBRARY = "libc++";
				CLANG_ENABLE_MODULES = YES;
				CLANG_ENABLE_OBJC_ARC = YES;
				CLANG_ENABLE_OBJC_WEAK = YES;
				CLANG_WARN_BLOCK_CAPTURE_AUTORELEASING = YES;
				CLANG_WARN_BOOL_CONVERSION = YES;
				CLANG_WARN_COMMA = YES;
				CLANG_WARN_CONSTANT_CONVERSION = YES;
				CLANG_WARN_DEPRECATED_OBJC_IMPLEMENTATIONS = YES;
				CLANG_WARN_DIRECT_OBJC_ISA_USAGE = YES_ERROR;
				CLANG_WARN_DOCUMENTATION_COMMENTS = YES;
				CLANG_WARN_EMPTY_BODY = YES;
				CLANG_WARN_ENUM_CONVERSION = YES;
				CLANG_WARN_INFINITE_RECURSION = YES;
				CLANG_WARN_INT_CONVERSION = YES;
				CLANG_WARN_NON_LITERAL_NULL_CONVERSION = YES;
				CLANG_WARN_OBJC_IMPLICIT_RETAIN_SELF = YES;
				CLANG_WARN_OBJC_LITERAL_CONVERSION = YES;
				CLANG_WARN_OBJC_ROOT_CLASS = YES_ERROR;
				CLANG_WARN_RANGE_LOOP_ANALYSIS = YES;
				CLANG_WARN_STRICT_PROTOTYPES = YES;
				CLANG_WARN_SUSPICIOUS_MOVE = YES;
				CLANG_WARN_UNGUARDED_AVAILABILITY = YES_AGGRESSIVE;
				CLANG_WARN_UNREACHABLE_CODE = YES;
				CLANG_WARN__DUPLICATE_METHOD_MATCH = YES;
				CODE_SIGN_IDENTITY = "iPhone Developer";
				COPY_PHASE_STRIP = NO;
				DEBUG_INFORMATION_FORMAT = "dwarf-with-dsym";
				ENABLE_STRICT_OBJC_MSGSEND = YES;
				ENABLE_TESTABILITY = YES;
				GCC_C_LANGUAGE_STANDARD = gnu11;
				GCC_DYNAMIC_NO_PIC = NO;
				GCC_NO_COMMON_BLOCKS = YES;
				GCC_OPTIMIZATION_LEVEL = 0;
				GCC_PREPROCESSOR_DEFINITIONS = (
					"DEBUG=1",
					"$(inherited)",
				);
				GCC_WARN_64_TO_32_BIT_CONVERSION = YES;
				GCC_WARN_ABOUT_RETURN_TYPE = YES_ERROR;
				GCC_WARN_UNDECLARED_SELECTOR = YES;
				GCC_WARN_UNINITIALIZED_AUTOS = YES_AGGRESSIVE;
				GCC_WARN_UNUSED_FUNCTION = YES;
				GCC_WARN_UNUSED_VARIABLE = YES;
				IPHONEOS_DEPLOYMENT_TARGET = 12.1;
				MTL_ENABLE_DEBUG_INFO = INCLUDE_SOURCE;
				MTL_FAST_MATH = YES;
				ONLY_ACTIVE_ARCH = YES;
				SDKROOT = iphoneos;
				SWIFT_ACTIVE_COMPILATION_CONDITIONS = DEBUG;
				SWIFT_OPTIMIZATION_LEVEL = "-Onone";
			};
			name = Debug;
		};
		A412CF722195BE4D00306823 /* Release */ = {
			isa = XCBuildConfiguration;
			buildSettings = {
				ALWAYS_SEARCH_USER_PATHS = NO;
				CLANG_ANALYZER_NONNULL = YES;
				CLANG_ANALYZER_NUMBER_OBJECT_CONVERSION = YES_AGGRESSIVE;
				CLANG_CXX_LANGUAGE_STANDARD = "gnu++14";
				CLANG_CXX_LIBRARY = "libc++";
				CLANG_ENABLE_MODULES = YES;
				CLANG_ENABLE_OBJC_ARC = YES;
				CLANG_ENABLE_OBJC_WEAK = YES;
				CLANG_WARN_BLOCK_CAPTURE_AUTORELEASING = YES;
				CLANG_WARN_BOOL_CONVERSION = YES;
				CLANG_WARN_COMMA = YES;
				CLANG_WARN_CONSTANT_CONVERSION = YES;
				CLANG_WARN_DEPRECATED_OBJC_IMPLEMENTATIONS = YES;
				CLANG_WARN_DIRECT_OBJC_ISA_USAGE = YES_ERROR;
				CLANG_WARN_DOCUMENTATION_COMMENTS = YES;
				CLANG_WARN_EMPTY_BODY = YES;
				CLANG_WARN_ENUM_CONVERSION = YES;
				CLANG_WARN_INFINITE_RECURSION = YES;
				CLANG_WARN_INT_CONVERSION = YES;
				CLANG_WARN_NON_LITERAL_NULL_CONVERSION = YES;
				CLANG_WARN_OBJC_IMPLICIT_RETAIN_SELF = YES;
				CLANG_WARN_OBJC_LITERAL_CONVERSION = YES;
				CLANG_WARN_OBJC_ROOT_CLASS = YES_ERROR;
				CLANG_WARN_RANGE_LOOP_ANALYSIS = YES;
				CLANG_WARN_STRICT_PROTOTYPES = YES;
				CLANG_WARN_SUSPICIOUS_MOVE = YES;
				CLANG_WARN_UNGUARDED_AVAILABILITY = YES_AGGRESSIVE;
				CLANG_WARN_UNREACHABLE_CODE = YES;
				CLANG_WARN__DUPLICATE_METHOD_MATCH = YES;
				CODE_SIGN_IDENTITY = "iPhone Developer";
				COPY_PHASE_STRIP = NO;
				DEBUG_INFORMATION_FORMAT = "dwarf-with-dsym";
				ENABLE_NS_ASSERTIONS = NO;
				ENABLE_STRICT_OBJC_MSGSEND = YES;
				GCC_C_LANGUAGE_STANDARD = gnu11;
				GCC_NO_COMMON_BLOCKS = YES;
				GCC_WARN_64_TO_32_BIT_CONVERSION = YES;
				GCC_WARN_ABOUT_RETURN_TYPE = YES_ERROR;
				GCC_WARN_UNDECLARED_SELECTOR = YES;
				GCC_WARN_UNINITIALIZED_AUTOS = YES_AGGRESSIVE;
				GCC_WARN_UNUSED_FUNCTION = YES;
				GCC_WARN_UNUSED_VARIABLE = YES;
				IPHONEOS_DEPLOYMENT_TARGET = 12.1;
				MTL_ENABLE_DEBUG_INFO = NO;
				MTL_FAST_MATH = YES;
				SDKROOT = iphoneos;
				SWIFT_COMPILATION_MODE = wholemodule;
				SWIFT_OPTIMIZATION_LEVEL = "-O";
				VALIDATE_PRODUCT = YES;
			};
			name = Release;
		};
		A412CF742195BE4D00306823 /* Debug */ = {
			isa = XCBuildConfiguration;
			buildSettings = {
				ASSETCATALOG_COMPILER_APPICON_NAME = AppIcon;
				CLANG_ENABLE_MODULES = YES;
				CODE_SIGN_STYLE = Automatic;
				DEBUG_INFORMATION_FORMAT = "dwarf-with-dsym";
				DEVELOPMENT_TEAM = D3RCVUP6VH;
				INFOPLIST_FILE = PhotoAssessment/Info.plist;
				LD_RUNPATH_SEARCH_PATHS = (
					"$(inherited)",
					"@executable_path/Frameworks",
				);
				PRODUCT_BUNDLE_IDENTIFIER = com.yulingtianxia.PhotoAssessment;
				PRODUCT_NAME = "$(TARGET_NAME)";
				SWIFT_OBJC_BRIDGING_HEADER = "PhotoAssessment/PhotoAssessment-Bridging-Header.h";
				SWIFT_OPTIMIZATION_LEVEL = "-Onone";
				SWIFT_VERSION = 4.2;
				TARGETED_DEVICE_FAMILY = "1,2";
			};
			name = Debug;
		};
		A412CF752195BE4D00306823 /* Release */ = {
			isa = XCBuildConfiguration;
			buildSettings = {
				ASSETCATALOG_COMPILER_APPICON_NAME = AppIcon;
				CLANG_ENABLE_MODULES = YES;
				CODE_SIGN_STYLE = Automatic;
				DEVELOPMENT_TEAM = D3RCVUP6VH;
				INFOPLIST_FILE = PhotoAssessment/Info.plist;
				LD_RUNPATH_SEARCH_PATHS = (
					"$(inherited)",
					"@executable_path/Frameworks",
				);
				PRODUCT_BUNDLE_IDENTIFIER = com.yulingtianxia.PhotoAssessment;
				PRODUCT_NAME = "$(TARGET_NAME)";
				SWIFT_OBJC_BRIDGING_HEADER = "PhotoAssessment/PhotoAssessment-Bridging-Header.h";
				SWIFT_VERSION = 4.2;
				TARGETED_DEVICE_FAMILY = "1,2";
			};
			name = Release;
		};
/* End XCBuildConfiguration section */

/* Begin XCConfigurationList section */
		A412CF5C2195BE4A00306823 /* Build configuration list for PBXProject "PhotoAssessment" */ = {
			isa = XCConfigurationList;
			buildConfigurations = (
				A412CF712195BE4D00306823 /* Debug */,
				A412CF722195BE4D00306823 /* Release */,
			);
			defaultConfigurationIsVisible = 0;
			defaultConfigurationName = Release;
		};
		A412CF732195BE4D00306823 /* Build configuration list for PBXNativeTarget "PhotoAssessment" */ = {
			isa = XCConfigurationList;
			buildConfigurations = (
				A412CF742195BE4D00306823 /* Debug */,
				A412CF752195BE4D00306823 /* Release */,
			);
			defaultConfigurationIsVisible = 0;
			defaultConfigurationName = Release;
		};
/* End XCConfigurationList section */
	};
	rootObject = A412CF592195BE4A00306823 /* Project object */;
}
