// !$*UTF8*$!
{
	archiveVersion = 1;
	classes = {
	};
	objectVersion = 50;
	objects = {

/* Begin PBXAggregateTarget section */
		A43BB5C621A304C200148CE8 /* UniversalPhotoAssessment */ = {
			isa = PBXAggregateTarget;
			buildConfigurationList = A43BB5C721A304C200148CE8 /* Build configuration list for PBXAggregateTarget "UniversalPhotoAssessment" */;
			buildPhases = (
				A43BB5CA21A304E700148CE8 /* ShellScript */,
			);
			dependencies = (
			);
			name = UniversalPhotoAssessment;
			productName = UniversalPhotoAssessment;
		};
/* End PBXAggregateTarget section */

/* Begin PBXBuildFile section */
		A412CF652195BE4A00306823 /* AppDelegate.swift in Sources */ = {isa = PBXBuildFile; fileRef = A412CF642195BE4A00306823 /* AppDelegate.swift */; };
		A412CF672195BE4A00306823 /* ViewController.swift in Sources */ = {isa = PBXBuildFile; fileRef = A412CF662195BE4A00306823 /* ViewController.swift */; };
		A412CF6A2195BE4A00306823 /* Main.storyboard in Resources */ = {isa = PBXBuildFile; fileRef = A412CF682195BE4A00306823 /* Main.storyboard */; };
		A412CF6C2195BE4D00306823 /* Assets.xcassets in Resources */ = {isa = PBXBuildFile; fileRef = A412CF6B2195BE4D00306823 /* Assets.xcassets */; };
		A412CF6F2195BE4D00306823 /* LaunchScreen.storyboard in Resources */ = {isa = PBXBuildFile; fileRef = A412CF6D2195BE4D00306823 /* LaunchScreen.storyboard */; };
		A412CF9C21A00C3000306823 /* PhotoMPSProcessor.swift in Sources */ = {isa = PBXBuildFile; fileRef = A412CF9B21A00C3000306823 /* PhotoMPSProcessor.swift */; };
		A42721D121D375950031660D /* PhotoVisionProcessor.swift in Sources */ = {isa = PBXBuildFile; fileRef = A42721D021D375950031660D /* PhotoVisionProcessor.swift */; };
		A42721D221D375950031660D /* PhotoVisionProcessor.swift in Sources */ = {isa = PBXBuildFile; fileRef = A42721D021D375950031660D /* PhotoVisionProcessor.swift */; };
		A42721D321D375950031660D /* PhotoVisionProcessor.swift in Sources */ = {isa = PBXBuildFile; fileRef = A42721D021D375950031660D /* PhotoVisionProcessor.swift */; };
		A43522EB21C25B5D0026F2EA /* MobileNet.mlmodel in Sources */ = {isa = PBXBuildFile; fileRef = A43522E921C2392A0026F2EA /* MobileNet.mlmodel */; };
		A43522EC21C25B5F0026F2EA /* MobileNet.mlmodel in Sources */ = {isa = PBXBuildFile; fileRef = A43522E921C2392A0026F2EA /* MobileNet.mlmodel */; };
		A43522ED21C25B830026F2EA /* MobileNet.mlmodel in Sources */ = {isa = PBXBuildFile; fileRef = A43522E921C2392A0026F2EA /* MobileNet.mlmodel */; };
		A43BB5B821A301B100148CE8 /* PhotoAssessmentKit.h in Headers */ = {isa = PBXBuildFile; fileRef = A43BB5B621A301B100148CE8 /* PhotoAssessmentKit.h */; settings = {ATTRIBUTES = (Public, ); }; };
		A43BB5BB21A301B100148CE8 /* PhotoAssessmentKit.framework in Frameworks */ = {isa = PBXBuildFile; fileRef = A43BB5B421A301B100148CE8 /* PhotoAssessmentKit.framework */; };
		A43BB5BC21A301B100148CE8 /* PhotoAssessmentKit.framework in Embed Frameworks */ = {isa = PBXBuildFile; fileRef = A43BB5B421A301B100148CE8 /* PhotoAssessmentKit.framework */; settings = {ATTRIBUTES = (CodeSignOnCopy, RemoveHeadersOnCopy, ); }; };
		A43BB5C121A301F700148CE8 /* Utils.swift in Sources */ = {isa = PBXBuildFile; fileRef = A487816721A14EBF005C3CD8 /* Utils.swift */; };
		A43BB5C221A301FA00148CE8 /* PhotoMPSProcessor.swift in Sources */ = {isa = PBXBuildFile; fileRef = A412CF9B21A00C3000306823 /* PhotoMPSProcessor.swift */; };
		A43BB5C321A301FE00148CE8 /* PhotoMLProcessor.swift in Sources */ = {isa = PBXBuildFile; fileRef = A4F9FDBC21A26204000C8518 /* PhotoMLProcessor.swift */; };
		A43BB5C421A3020100148CE8 /* PhotoAssessmentHelper.swift in Sources */ = {isa = PBXBuildFile; fileRef = A4F9FDBE21A2A890000C8518 /* PhotoAssessmentHelper.swift */; };
		A487816821A14EBF005C3CD8 /* Utils.swift in Sources */ = {isa = PBXBuildFile; fileRef = A487816721A14EBF005C3CD8 /* Utils.swift */; };
		A4DDC46F21B0E02E00ACF653 /* PhotoAssessmentMacKit.h in Headers */ = {isa = PBXBuildFile; fileRef = A4DDC46D21B0E02E00ACF653 /* PhotoAssessmentMacKit.h */; settings = {ATTRIBUTES = (Public, ); }; };
		A4DDC47321B0E03900ACF653 /* Utils.swift in Sources */ = {isa = PBXBuildFile; fileRef = A487816721A14EBF005C3CD8 /* Utils.swift */; };
		A4DDC47421B0E03C00ACF653 /* PhotoMPSProcessor.swift in Sources */ = {isa = PBXBuildFile; fileRef = A412CF9B21A00C3000306823 /* PhotoMPSProcessor.swift */; };
		A4DDC47521B0E03E00ACF653 /* PhotoMLProcessor.swift in Sources */ = {isa = PBXBuildFile; fileRef = A4F9FDBC21A26204000C8518 /* PhotoMLProcessor.swift */; };
		A4DDC47621B0E04100ACF653 /* PhotoAssessmentHelper.swift in Sources */ = {isa = PBXBuildFile; fileRef = A4F9FDBE21A2A890000C8518 /* PhotoAssessmentHelper.swift */; };
		A4F9FDBD21A26204000C8518 /* PhotoMLProcessor.swift in Sources */ = {isa = PBXBuildFile; fileRef = A4F9FDBC21A26204000C8518 /* PhotoMLProcessor.swift */; };
		A4F9FDBF21A2A890000C8518 /* PhotoAssessmentHelper.swift in Sources */ = {isa = PBXBuildFile; fileRef = A4F9FDBE21A2A890000C8518 /* PhotoAssessmentHelper.swift */; };
/* End PBXBuildFile section */

/* Begin PBXContainerItemProxy section */
		A43BB5B921A301B100148CE8 /* PBXContainerItemProxy */ = {
			isa = PBXContainerItemProxy;
			containerPortal = A412CF592195BE4A00306823 /* Project object */;
			proxyType = 1;
			remoteGlobalIDString = A43BB5B321A301B100148CE8;
			remoteInfo = PhotoAssessmentKit;
		};
/* End PBXContainerItemProxy section */

/* Begin PBXCopyFilesBuildPhase section */
		A43BB5C021A301B100148CE8 /* Embed Frameworks */ = {
			isa = PBXCopyFilesBuildPhase;
			buildActionMask = 2147483647;
			dstPath = "";
			dstSubfolderSpec = 10;
			files = (
				A43BB5BC21A301B100148CE8 /* PhotoAssessmentKit.framework in Embed Frameworks */,
			);
			name = "Embed Frameworks";
			runOnlyForDeploymentPostprocessing = 0;
		};
/* End PBXCopyFilesBuildPhase section */

/* Begin PBXFileReference section */
		A412CF612195BE4A00306823 /* PhotoAssessment.app */ = {isa = PBXFileReference; explicitFileType = wrapper.application; includeInIndex = 0; path = PhotoAssessment.app; sourceTree = BUILT_PRODUCTS_DIR; };
		A412CF642195BE4A00306823 /* AppDelegate.swift */ = {isa = PBXFileReference; lastKnownFileType = sourcecode.swift; path = AppDelegate.swift; sourceTree = "<group>"; };
		A412CF662195BE4A00306823 /* ViewController.swift */ = {isa = PBXFileReference; lastKnownFileType = sourcecode.swift; path = ViewController.swift; sourceTree = "<group>"; };
		A412CF692195BE4A00306823 /* Base */ = {isa = PBXFileReference; lastKnownFileType = file.storyboard; name = Base; path = Base.lproj/Main.storyboard; sourceTree = "<group>"; };
		A412CF6B2195BE4D00306823 /* Assets.xcassets */ = {isa = PBXFileReference; lastKnownFileType = folder.assetcatalog; path = Assets.xcassets; sourceTree = "<group>"; };
		A412CF6E2195BE4D00306823 /* Base */ = {isa = PBXFileReference; lastKnownFileType = file.storyboard; name = Base; path = Base.lproj/LaunchScreen.storyboard; sourceTree = "<group>"; };
		A412CF702195BE4D00306823 /* Info.plist */ = {isa = PBXFileReference; lastKnownFileType = text.plist.xml; path = Info.plist; sourceTree = "<group>"; };
		A412CF9B21A00C3000306823 /* PhotoMPSProcessor.swift */ = {isa = PBXFileReference; lastKnownFileType = sourcecode.swift; path = PhotoMPSProcessor.swift; sourceTree = "<group>"; };
		A412CFA421A0421900306823 /* PhotoAssessment-Bridging-Header.h */ = {isa = PBXFileReference; lastKnownFileType = sourcecode.c.h; path = "PhotoAssessment-Bridging-Header.h"; sourceTree = "<group>"; };
		A42721D021D375950031660D /* PhotoVisionProcessor.swift */ = {isa = PBXFileReference; lastKnownFileType = sourcecode.swift; path = PhotoVisionProcessor.swift; sourceTree = "<group>"; };
		A43522E921C2392A0026F2EA /* MobileNet.mlmodel */ = {isa = PBXFileReference; lastKnownFileType = file.mlmodel; path = MobileNet.mlmodel; sourceTree = "<group>"; };
		A43BB5B421A301B100148CE8 /* PhotoAssessmentKit.framework */ = {isa = PBXFileReference; explicitFileType = wrapper.framework; includeInIndex = 0; path = PhotoAssessmentKit.framework; sourceTree = BUILT_PRODUCTS_DIR; };
		A43BB5B621A301B100148CE8 /* PhotoAssessmentKit.h */ = {isa = PBXFileReference; lastKnownFileType = sourcecode.c.h; path = PhotoAssessmentKit.h; sourceTree = "<group>"; };
		A43BB5B721A301B100148CE8 /* Info.plist */ = {isa = PBXFileReference; lastKnownFileType = text.plist.xml; path = Info.plist; sourceTree = "<group>"; };
		A487816721A14EBF005C3CD8 /* Utils.swift */ = {isa = PBXFileReference; lastKnownFileType = sourcecode.swift; path = Utils.swift; sourceTree = "<group>"; };
		A4DDC46B21B0E02E00ACF653 /* PhotoAssessmentMacKit.framework */ = {isa = PBXFileReference; explicitFileType = wrapper.framework; includeInIndex = 0; path = PhotoAssessmentMacKit.framework; sourceTree = BUILT_PRODUCTS_DIR; };
		A4DDC46D21B0E02E00ACF653 /* PhotoAssessmentMacKit.h */ = {isa = PBXFileReference; lastKnownFileType = sourcecode.c.h; path = PhotoAssessmentMacKit.h; sourceTree = "<group>"; };
		A4DDC46E21B0E02E00ACF653 /* Info.plist */ = {isa = PBXFileReference; lastKnownFileType = text.plist.xml; path = Info.plist; sourceTree = "<group>"; };
		A4F9FDBC21A26204000C8518 /* PhotoMLProcessor.swift */ = {isa = PBXFileReference; lastKnownFileType = sourcecode.swift; path = PhotoMLProcessor.swift; sourceTree = "<group>"; };
		A4F9FDBE21A2A890000C8518 /* PhotoAssessmentHelper.swift */ = {isa = PBXFileReference; lastKnownFileType = sourcecode.swift; path = PhotoAssessmentHelper.swift; sourceTree = "<group>"; };
/* End PBXFileReference section */

/* Begin PBXFrameworksBuildPhase section */
		A412CF5E2195BE4A00306823 /* Frameworks */ = {
			isa = PBXFrameworksBuildPhase;
			buildActionMask = 2147483647;
			files = (
				A43BB5BB21A301B100148CE8 /* PhotoAssessmentKit.framework in Frameworks */,
			);
			runOnlyForDeploymentPostprocessing = 0;
		};
		A43BB5B121A301B100148CE8 /* Frameworks */ = {
			isa = PBXFrameworksBuildPhase;
			buildActionMask = 2147483647;
			files = (
			);
			runOnlyForDeploymentPostprocessing = 0;
		};
		A4DDC46821B0E02E00ACF653 /* Frameworks */ = {
			isa = PBXFrameworksBuildPhase;
			buildActionMask = 2147483647;
			files = (
			);
			runOnlyForDeploymentPostprocessing = 0;
		};
/* End PBXFrameworksBuildPhase section */

/* Begin PBXGroup section */
		A412CF582195BE4A00306823 = {
			isa = PBXGroup;
			children = (
				A412CF632195BE4A00306823 /* PhotoAssessment */,
				A43BB5B521A301B100148CE8 /* PhotoAssessmentKit */,
				A4DDC46C21B0E02E00ACF653 /* PhotoAssessmentMacKit */,
				A412CF622195BE4A00306823 /* Products */,
			);
			sourceTree = "<group>";
		};
		A412CF622195BE4A00306823 /* Products */ = {
			isa = PBXGroup;
			children = (
				A412CF612195BE4A00306823 /* PhotoAssessment.app */,
				A43BB5B421A301B100148CE8 /* PhotoAssessmentKit.framework */,
				A4DDC46B21B0E02E00ACF653 /* PhotoAssessmentMacKit.framework */,
			);
			name = Products;
			sourceTree = "<group>";
		};
		A412CF632195BE4A00306823 /* PhotoAssessment */ = {
			isa = PBXGroup;
			children = (
				A48CEABC21B3A34100EC0B0A /* Sources */,
				A412CF642195BE4A00306823 /* AppDelegate.swift */,
				A412CF662195BE4A00306823 /* ViewController.swift */,
				A412CF682195BE4A00306823 /* Main.storyboard */,
				A412CF6B2195BE4D00306823 /* Assets.xcassets */,
				A412CF6D2195BE4D00306823 /* LaunchScreen.storyboard */,
				A412CF702195BE4D00306823 /* Info.plist */,
				A412CFA421A0421900306823 /* PhotoAssessment-Bridging-Header.h */,
			);
			path = PhotoAssessment;
			sourceTree = "<group>";
		};
		A43BB5B521A301B100148CE8 /* PhotoAssessmentKit */ = {
			isa = PBXGroup;
			children = (
				A43BB5B621A301B100148CE8 /* PhotoAssessmentKit.h */,
				A43BB5B721A301B100148CE8 /* Info.plist */,
			);
			path = PhotoAssessmentKit;
			sourceTree = "<group>";
		};
		A48CEABC21B3A34100EC0B0A /* Sources */ = {
			isa = PBXGroup;
			children = (
				A487816721A14EBF005C3CD8 /* Utils.swift */,
				A412CF9B21A00C3000306823 /* PhotoMPSProcessor.swift */,
				A4F9FDBC21A26204000C8518 /* PhotoMLProcessor.swift */,
				A42721D021D375950031660D /* PhotoVisionProcessor.swift */,
				A4F9FDBE21A2A890000C8518 /* PhotoAssessmentHelper.swift */,
				A43522E921C2392A0026F2EA /* MobileNet.mlmodel */,
			);
			name = Sources;
			path = ../Sources;
			sourceTree = "<group>";
		};
		A4DDC46C21B0E02E00ACF653 /* PhotoAssessmentMacKit */ = {
			isa = PBXGroup;
			children = (
				A4DDC46D21B0E02E00ACF653 /* PhotoAssessmentMacKit.h */,
				A4DDC46E21B0E02E00ACF653 /* Info.plist */,
			);
			path = PhotoAssessmentMacKit;
			sourceTree = "<group>";
		};
/* End PBXGroup section */

/* Begin PBXHeadersBuildPhase section */
		A43BB5AF21A301B100148CE8 /* Headers */ = {
			isa = PBXHeadersBuildPhase;
			buildActionMask = 2147483647;
			files = (
				A43BB5B821A301B100148CE8 /* PhotoAssessmentKit.h in Headers */,
			);
			runOnlyForDeploymentPostprocessing = 0;
		};
		A4DDC46621B0E02E00ACF653 /* Headers */ = {
			isa = PBXHeadersBuildPhase;
			buildActionMask = 2147483647;
			files = (
				A4DDC46F21B0E02E00ACF653 /* PhotoAssessmentMacKit.h in Headers */,
			);
			runOnlyForDeploymentPostprocessing = 0;
		};
/* End PBXHeadersBuildPhase section */

/* Begin PBXNativeTarget section */
		A412CF602195BE4A00306823 /* PhotoAssessment */ = {
			isa = PBXNativeTarget;
			buildConfigurationList = A412CF732195BE4D00306823 /* Build configuration list for PBXNativeTarget "PhotoAssessment" */;
			buildPhases = (
				A412CF5D2195BE4A00306823 /* Sources */,
				A412CF5E2195BE4A00306823 /* Frameworks */,
				A412CF5F2195BE4A00306823 /* Resources */,
				A43BB5C021A301B100148CE8 /* Embed Frameworks */,
			);
			buildRules = (
			);
			dependencies = (
				A43BB5BA21A301B100148CE8 /* PBXTargetDependency */,
			);
			name = PhotoAssessment;
			productName = PhotoAssessment;
			productReference = A412CF612195BE4A00306823 /* PhotoAssessment.app */;
			productType = "com.apple.product-type.application";
		};
		A43BB5B321A301B100148CE8 /* PhotoAssessmentKit */ = {
			isa = PBXNativeTarget;
			buildConfigurationList = A43BB5BF21A301B100148CE8 /* Build configuration list for PBXNativeTarget "PhotoAssessmentKit" */;
			buildPhases = (
				A43BB5AF21A301B100148CE8 /* Headers */,
				A43BB5B021A301B100148CE8 /* Sources */,
				A43BB5B121A301B100148CE8 /* Frameworks */,
				A43BB5B221A301B100148CE8 /* Resources */,
			);
			buildRules = (
			);
			dependencies = (
			);
			name = PhotoAssessmentKit;
			productName = PhotoAssessmentKit;
			productReference = A43BB5B421A301B100148CE8 /* PhotoAssessmentKit.framework */;
			productType = "com.apple.product-type.framework";
		};
		A4DDC46A21B0E02E00ACF653 /* PhotoAssessmentMacKit */ = {
			isa = PBXNativeTarget;
			buildConfigurationList = A4DDC47021B0E02E00ACF653 /* Build configuration list for PBXNativeTarget "PhotoAssessmentMacKit" */;
			buildPhases = (
				A4DDC46621B0E02E00ACF653 /* Headers */,
				A4DDC46721B0E02E00ACF653 /* Sources */,
				A4DDC46821B0E02E00ACF653 /* Frameworks */,
				A4DDC46921B0E02E00ACF653 /* Resources */,
			);
			buildRules = (
			);
			dependencies = (
			);
			name = PhotoAssessmentMacKit;
			productName = PhotoAssessmentMacKit;
			productReference = A4DDC46B21B0E02E00ACF653 /* PhotoAssessmentMacKit.framework */;
			productType = "com.apple.product-type.framework";
		};
/* End PBXNativeTarget section */

/* Begin PBXProject section */
		A412CF592195BE4A00306823 /* Project object */ = {
			isa = PBXProject;
			attributes = {
				LastSwiftUpdateCheck = 1010;
				LastUpgradeCheck = 1010;
				ORGANIZATIONNAME = "杨萧玉";
				TargetAttributes = {
					A412CF602195BE4A00306823 = {
						CreatedOnToolsVersion = 10.1;
						LastSwiftMigration = 1010;
					};
					A43BB5B321A301B100148CE8 = {
						CreatedOnToolsVersion = 10.1;
					};
					A43BB5C621A304C200148CE8 = {
						CreatedOnToolsVersion = 10.1;
					};
					A4DDC46A21B0E02E00ACF653 = {
						CreatedOnToolsVersion = 10.1;
					};
				};
			};
			buildConfigurationList = A412CF5C2195BE4A00306823 /* Build configuration list for PBXProject "PhotoAssessment" */;
			compatibilityVersion = "Xcode 9.3";
			developmentRegion = en;
			hasScannedForEncodings = 0;
			knownRegions = (
				en,
				Base,
			);
			mainGroup = A412CF582195BE4A00306823;
			productRefGroup = A412CF622195BE4A00306823 /* Products */;
			projectDirPath = "";
			projectRoot = "";
			targets = (
				A412CF602195BE4A00306823 /* PhotoAssessment */,
				A43BB5B321A301B100148CE8 /* PhotoAssessmentKit */,
				A43BB5C621A304C200148CE8 /* UniversalPhotoAssessment */,
				A4DDC46A21B0E02E00ACF653 /* PhotoAssessmentMacKit */,
			);
		};
/* End PBXProject section */

/* Begin PBXResourcesBuildPhase section */
		A412CF5F2195BE4A00306823 /* Resources */ = {
			isa = PBXResourcesBuildPhase;
			buildActionMask = 2147483647;
			files = (
				A412CF6F2195BE4D00306823 /* LaunchScreen.storyboard in Resources */,
				A412CF6C2195BE4D00306823 /* Assets.xcassets in Resources */,
				A412CF6A2195BE4A00306823 /* Main.storyboard in Resources */,
			);
			runOnlyForDeploymentPostprocessing = 0;
		};
		A43BB5B221A301B100148CE8 /* Resources */ = {
			isa = PBXResourcesBuildPhase;
			buildActionMask = 2147483647;
			files = (
			);
			runOnlyForDeploymentPostprocessing = 0;
		};
		A4DDC46921B0E02E00ACF653 /* Resources */ = {
			isa = PBXResourcesBuildPhase;
			buildActionMask = 2147483647;
			files = (
			);
			runOnlyForDeploymentPostprocessing = 0;
		};
/* End PBXResourcesBuildPhase section */

/* Begin PBXShellScriptBuildPhase section */
		A43BB5CA21A304E700148CE8 /* ShellScript */ = {
			isa = PBXShellScriptBuildPhase;
			buildActionMask = 2147483647;
			files = (
			);
			inputFileListPaths = (
			);
			inputPaths = (
			);
			outputFileListPaths = (
			);
			outputPaths = (
			);
			runOnlyForDeploymentPostprocessing = 0;
			shellPath = /bin/sh;
			shellScript = "#!/bin/sh\n\nUNIVERSAL_OUTPUTFOLDER=${BUILD_DIR}/${CONFIGURATION}-universal\n\n# make sure the output directory exists\nmkdir -p \"${UNIVERSAL_OUTPUTFOLDER}\"\n\n# Step 1. Build Device and Simulator versions\nxcodebuild -target \"PhotoAssessmentKit\" ONLY_ACTIVE_ARCH=NO -configuration ${CONFIGURATION} -sdk iphoneos  BUILD_DIR=\"${BUILD_DIR}\" BUILD_ROOT=\"${BUILD_ROOT}\" clean build\nxcodebuild -target \"PhotoAssessmentKit\" -configuration ${CONFIGURATION} -sdk iphonesimulator ONLY_ACTIVE_ARCH=NO BUILD_DIR=\"${BUILD_DIR}\" BUILD_ROOT=\"${BUILD_ROOT}\" clean build\n\n# Step 2. Copy the framework structure (from iphoneos build) to the universal folder\ncp -R \"${BUILD_DIR}/${CONFIGURATION}-iphoneos/PhotoAssessmentKit.framework\" \"${UNIVERSAL_OUTPUTFOLDER}/\"\n\n# Step 3. Copy Swift modules from iphonesimulator build (if it exists) to the copied framework directory\nSIMULATOR_SWIFT_MODULES_DIR=\"${BUILD_DIR}/${CONFIGURATION}-iphonesimulator/PhotoAssessmentKit.framework/Modules/PhotoAssessmentKit.swiftmodule/.\"\nif [ -d \"${SIMULATOR_SWIFT_MODULES_DIR}\" ]; then\ncp -R \"${SIMULATOR_SWIFT_MODULES_DIR}\" \"${UNIVERSAL_OUTPUTFOLDER}/PhotoAssessmentKit.framework/Modules/PhotoAssessmentKit.swiftmodule\"\nfi\n\n# Step 4. Create universal binary file using lipo and place the combined executable in the copied framework directory\nlipo -create -output \"${UNIVERSAL_OUTPUTFOLDER}/PhotoAssessmentKit.framework/PhotoAssessmentKit\" \"${BUILD_DIR}/${CONFIGURATION}-iphonesimulator/PhotoAssessmentKit.framework/PhotoAssessmentKit\" \"${BUILD_DIR}/${CONFIGURATION}-iphoneos/PhotoAssessmentKit.framework/PhotoAssessmentKit\"\n\n# Step 5. Convenience step to copy the framework to the project's directory\ncp -R \"${UNIVERSAL_OUTPUTFOLDER}/PhotoAssessmentKit.framework\" \"${PROJECT_DIR}\"\n\n# Step 6. Convenience step to open the project's directory in Finder\nopen \"${PROJECT_DIR}\"\n";
		};
/* End PBXShellScriptBuildPhase section */

/* Begin PBXSourcesBuildPhase section */
		A412CF5D2195BE4A00306823 /* Sources */ = {
			isa = PBXSourcesBuildPhase;
			buildActionMask = 2147483647;
			files = (
				A412CF672195BE4A00306823 /* ViewController.swift in Sources */,
				A4F9FDBD21A26204000C8518 /* PhotoMLProcessor.swift in Sources */,
				A412CF9C21A00C3000306823 /* PhotoMPSProcessor.swift in Sources */,
				A412CF652195BE4A00306823 /* AppDelegate.swift in Sources */,
				A43522ED21C25B830026F2EA /* MobileNet.mlmodel in Sources */,
				A487816821A14EBF005C3CD8 /* Utils.swift in Sources */,
				A4F9FDBF21A2A890000C8518 /* PhotoAssessmentHelper.swift in Sources */,
				A42721D121D375950031660D /* PhotoVisionProcessor.swift in Sources */,
			);
			runOnlyForDeploymentPostprocessing = 0;
		};
		A43BB5B021A301B100148CE8 /* Sources */ = {
			isa = PBXSourcesBuildPhase;
			buildActionMask = 2147483647;
			files = (
				A43BB5C221A301FA00148CE8 /* PhotoMPSProcessor.swift in Sources */,
				A43522EB21C25B5D0026F2EA /* MobileNet.mlmodel in Sources */,
				A43BB5C121A301F700148CE8 /* Utils.swift in Sources */,
				A42721D221D375950031660D /* PhotoVisionProcessor.swift in Sources */,
				A43BB5C421A3020100148CE8 /* PhotoAssessmentHelper.swift in Sources */,
				A43BB5C321A301FE00148CE8 /* PhotoMLProcessor.swift in Sources */,
			);
			runOnlyForDeploymentPostprocessing = 0;
		};
		A4DDC46721B0E02E00ACF653 /* Sources */ = {
			isa = PBXSourcesBuildPhase;
			buildActionMask = 2147483647;
			files = (
				A4DDC47421B0E03C00ACF653 /* PhotoMPSProcessor.swift in Sources */,
				A43522EC21C25B5F0026F2EA /* MobileNet.mlmodel in Sources */,
				A4DDC47321B0E03900ACF653 /* Utils.swift in Sources */,
				A42721D321D375950031660D /* PhotoVisionProcessor.swift in Sources */,
				A4DDC47621B0E04100ACF653 /* PhotoAssessmentHelper.swift in Sources */,
				A4DDC47521B0E03E00ACF653 /* PhotoMLProcessor.swift in Sources */,
			);
			runOnlyForDeploymentPostprocessing = 0;
		};
/* End PBXSourcesBuildPhase section */

/* Begin PBXTargetDependency section */
		A43BB5BA21A301B100148CE8 /* PBXTargetDependency */ = {
			isa = PBXTargetDependency;
			target = A43BB5B321A301B100148CE8 /* PhotoAssessmentKit */;
			targetProxy = A43BB5B921A301B100148CE8 /* PBXContainerItemProxy */;
		};
/* End PBXTargetDependency section */

/* Begin PBXVariantGroup section */
		A412CF682195BE4A00306823 /* Main.storyboard */ = {
			isa = PBXVariantGroup;
			children = (
				A412CF692195BE4A00306823 /* Base */,
			);
			name = Main.storyboard;
			sourceTree = "<group>";
		};
		A412CF6D2195BE4D00306823 /* LaunchScreen.storyboard */ = {
			isa = PBXVariantGroup;
			children = (
				A412CF6E2195BE4D00306823 /* Base */,
			);
			name = LaunchScreen.storyboard;
			sourceTree = "<group>";
		};
/* End PBXVariantGroup section */

/* Begin XCBuildConfiguration section */
		A412CF712195BE4D00306823 /* Debug */ = {
			isa = XCBuildConfiguration;
			buildSettings = {
				ALWAYS_EMBED_SWIFT_STANDARD_LIBRARIES = NO;
				ALWAYS_SEARCH_USER_PATHS = NO;
				CLANG_ANALYZER_NONNULL = YES;
				CLANG_ANALYZER_NUMBER_OBJECT_CONVERSION = YES_AGGRESSIVE;
				CLANG_CXX_LANGUAGE_STANDARD = "gnu++14";
				CLANG_CXX_LIBRARY = "libc++";
				CLANG_ENABLE_MODULES = YES;
				CLANG_ENABLE_OBJC_ARC = YES;
				CLANG_ENABLE_OBJC_WEAK = YES;
				CLANG_WARN_BLOCK_CAPTURE_AUTORELEASING = YES;
				CLANG_WARN_BOOL_CONVERSION = YES;
				CLANG_WARN_COMMA = YES;
				CLANG_WARN_CONSTANT_CONVERSION = YES;
				CLANG_WARN_DEPRECATED_OBJC_IMPLEMENTATIONS = YES;
				CLANG_WARN_DIRECT_OBJC_ISA_USAGE = YES_ERROR;
				CLANG_WARN_DOCUMENTATION_COMMENTS = YES;
				CLANG_WARN_EMPTY_BODY = YES;
				CLANG_WARN_ENUM_CONVERSION = YES;
				CLANG_WARN_INFINITE_RECURSION = YES;
				CLANG_WARN_INT_CONVERSION = YES;
				CLANG_WARN_NON_LITERAL_NULL_CONVERSION = YES;
				CLANG_WARN_OBJC_IMPLICIT_RETAIN_SELF = YES;
				CLANG_WARN_OBJC_LITERAL_CONVERSION = YES;
				CLANG_WARN_OBJC_ROOT_CLASS = YES_ERROR;
				CLANG_WARN_RANGE_LOOP_ANALYSIS = YES;
				CLANG_WARN_STRICT_PROTOTYPES = YES;
				CLANG_WARN_SUSPICIOUS_MOVE = YES;
				CLANG_WARN_UNGUARDED_AVAILABILITY = YES_AGGRESSIVE;
				CLANG_WARN_UNREACHABLE_CODE = YES;
				CLANG_WARN__DUPLICATE_METHOD_MATCH = YES;
				CODE_SIGN_IDENTITY = "iPhone Developer";
				COPY_PHASE_STRIP = NO;
				DEBUG_INFORMATION_FORMAT = "dwarf-with-dsym";
				ENABLE_STRICT_OBJC_MSGSEND = YES;
				ENABLE_TESTABILITY = YES;
				GCC_C_LANGUAGE_STANDARD = gnu11;
				GCC_DYNAMIC_NO_PIC = NO;
				GCC_NO_COMMON_BLOCKS = YES;
				GCC_OPTIMIZATION_LEVEL = 0;
				GCC_PREPROCESSOR_DEFINITIONS = (
					"DEBUG=1",
					"$(inherited)",
				);
				GCC_WARN_64_TO_32_BIT_CONVERSION = YES;
				GCC_WARN_ABOUT_RETURN_TYPE = YES_ERROR;
				GCC_WARN_UNDECLARED_SELECTOR = YES;
				GCC_WARN_UNINITIALIZED_AUTOS = YES_AGGRESSIVE;
				GCC_WARN_UNUSED_FUNCTION = YES;
				GCC_WARN_UNUSED_VARIABLE = YES;
				IPHONEOS_DEPLOYMENT_TARGET = 12.1;
				MTL_ENABLE_DEBUG_INFO = INCLUDE_SOURCE;
				MTL_FAST_MATH = YES;
				ONLY_ACTIVE_ARCH = YES;
				SDKROOT = iphoneos;
				SWIFT_ACTIVE_COMPILATION_CONDITIONS = DEBUG;
				SWIFT_OPTIMIZATION_LEVEL = "-Onone";
			};
			name = Debug;
		};
		A412CF722195BE4D00306823 /* Release */ = {
			isa = XCBuildConfiguration;
			buildSettings = {
				ALWAYS_EMBED_SWIFT_STANDARD_LIBRARIES = NO;
				ALWAYS_SEARCH_USER_PATHS = NO;
				CLANG_ANALYZER_NONNULL = YES;
				CLANG_ANALYZER_NUMBER_OBJECT_CONVERSION = YES_AGGRESSIVE;
				CLANG_CXX_LANGUAGE_STANDARD = "gnu++14";
				CLANG_CXX_LIBRARY = "libc++";
				CLANG_ENABLE_MODULES = YES;
				CLANG_ENABLE_OBJC_ARC = YES;
				CLANG_ENABLE_OBJC_WEAK = YES;
				CLANG_WARN_BLOCK_CAPTURE_AUTORELEASING = YES;
				CLANG_WARN_BOOL_CONVERSION = YES;
				CLANG_WARN_COMMA = YES;
				CLANG_WARN_CONSTANT_CONVERSION = YES;
				CLANG_WARN_DEPRECATED_OBJC_IMPLEMENTATIONS = YES;
				CLANG_WARN_DIRECT_OBJC_ISA_USAGE = YES_ERROR;
				CLANG_WARN_DOCUMENTATION_COMMENTS = YES;
				CLANG_WARN_EMPTY_BODY = YES;
				CLANG_WARN_ENUM_CONVERSION = YES;
				CLANG_WARN_INFINITE_RECURSION = YES;
				CLANG_WARN_INT_CONVERSION = YES;
				CLANG_WARN_NON_LITERAL_NULL_CONVERSION = YES;
				CLANG_WARN_OBJC_IMPLICIT_RETAIN_SELF = YES;
				CLANG_WARN_OBJC_LITERAL_CONVERSION = YES;
				CLANG_WARN_OBJC_ROOT_CLASS = YES_ERROR;
				CLANG_WARN_RANGE_LOOP_ANALYSIS = YES;
				CLANG_WARN_STRICT_PROTOTYPES = YES;
				CLANG_WARN_SUSPICIOUS_MOVE = YES;
				CLANG_WARN_UNGUARDED_AVAILABILITY = YES_AGGRESSIVE;
				CLANG_WARN_UNREACHABLE_CODE = YES;
				CLANG_WARN__DUPLICATE_METHOD_MATCH = YES;
				CODE_SIGN_IDENTITY = "iPhone Developer";
				COPY_PHASE_STRIP = NO;
				DEBUG_INFORMATION_FORMAT = "dwarf-with-dsym";
				ENABLE_NS_ASSERTIONS = NO;
				ENABLE_STRICT_OBJC_MSGSEND = YES;
				GCC_C_LANGUAGE_STANDARD = gnu11;
				GCC_NO_COMMON_BLOCKS = YES;
				GCC_WARN_64_TO_32_BIT_CONVERSION = YES;
				GCC_WARN_ABOUT_RETURN_TYPE = YES_ERROR;
				GCC_WARN_UNDECLARED_SELECTOR = YES;
				GCC_WARN_UNINITIALIZED_AUTOS = YES_AGGRESSIVE;
				GCC_WARN_UNUSED_FUNCTION = YES;
				GCC_WARN_UNUSED_VARIABLE = YES;
				IPHONEOS_DEPLOYMENT_TARGET = 12.1;
				MTL_ENABLE_DEBUG_INFO = NO;
				MTL_FAST_MATH = YES;
				SDKROOT = iphoneos;
				SWIFT_COMPILATION_MODE = wholemodule;
				SWIFT_OPTIMIZATION_LEVEL = "-O";
				VALIDATE_PRODUCT = YES;
			};
			name = Release;
		};
		A412CF742195BE4D00306823 /* Debug */ = {
			isa = XCBuildConfiguration;
			buildSettings = {
				ALWAYS_EMBED_SWIFT_STANDARD_LIBRARIES = NO;
				ASSETCATALOG_COMPILER_APPICON_NAME = AppIcon;
				CLANG_ENABLE_MODULES = YES;
				CODE_SIGN_STYLE = Automatic;
				DEBUG_INFORMATION_FORMAT = "dwarf-with-dsym";
				DEVELOPMENT_TEAM = D3RCVUP6VH;
				INFOPLIST_FILE = PhotoAssessment/Info.plist;
				IPHONEOS_DEPLOYMENT_TARGET = 11.0;
				LD_RUNPATH_SEARCH_PATHS = (
					"$(inherited)",
					"@executable_path/Frameworks",
				);
				PRODUCT_BUNDLE_IDENTIFIER = com.yulingtianxia.PhotoAssessment;
				PRODUCT_NAME = "$(TARGET_NAME)";
				SWIFT_OBJC_BRIDGING_HEADER = "PhotoAssessment/PhotoAssessment-Bridging-Header.h";
				SWIFT_OPTIMIZATION_LEVEL = "-Onone";
				SWIFT_VERSION = 4.2;
				TARGETED_DEVICE_FAMILY = "1,2";
			};
			name = Debug;
		};
		A412CF752195BE4D00306823 /* Release */ = {
			isa = XCBuildConfiguration;
			buildSettings = {
				ALWAYS_EMBED_SWIFT_STANDARD_LIBRARIES = NO;
				ASSETCATALOG_COMPILER_APPICON_NAME = AppIcon;
				CLANG_ENABLE_MODULES = YES;
				CODE_SIGN_STYLE = Automatic;
				DEVELOPMENT_TEAM = D3RCVUP6VH;
				INFOPLIST_FILE = PhotoAssessment/Info.plist;
				IPHONEOS_DEPLOYMENT_TARGET = 11.0;
				LD_RUNPATH_SEARCH_PATHS = (
					"$(inherited)",
					"@executable_path/Frameworks",
				);
				PRODUCT_BUNDLE_IDENTIFIER = com.yulingtianxia.PhotoAssessment;
				PRODUCT_NAME = "$(TARGET_NAME)";
				SWIFT_OBJC_BRIDGING_HEADER = "PhotoAssessment/PhotoAssessment-Bridging-Header.h";
				SWIFT_VERSION = 4.2;
				TARGETED_DEVICE_FAMILY = "1,2";
			};
			name = Release;
		};
		A43BB5BD21A301B100148CE8 /* Debug */ = {
			isa = XCBuildConfiguration;
			buildSettings = {
				CODE_SIGN_IDENTITY = "";
				CODE_SIGN_STYLE = Automatic;
				CURRENT_PROJECT_VERSION = 1;
				DEBUG_INFORMATION_FORMAT = dwarf;
				DEFINES_MODULE = YES;
				DEVELOPMENT_TEAM = D3RCVUP6VH;
				DYLIB_COMPATIBILITY_VERSION = 1;
				DYLIB_CURRENT_VERSION = 1;
				DYLIB_INSTALL_NAME_BASE = "@rpath";
				INFOPLIST_FILE = PhotoAssessmentKit/Info.plist;
				INSTALL_PATH = "$(LOCAL_LIBRARY_DIR)/Frameworks";
				IPHONEOS_DEPLOYMENT_TARGET = 11.0;
				LD_RUNPATH_SEARCH_PATHS = (
					"$(inherited)",
					"@executable_path/Frameworks",
					"@loader_path/Frameworks",
				);
				PRODUCT_BUNDLE_IDENTIFIER = com.yulingtianxia.PhotoAssessmentKit;
				PRODUCT_NAME = "$(TARGET_NAME:c99extidentifier)";
				SKIP_INSTALL = YES;
				SWIFT_VERSION = 4.2;
				TARGETED_DEVICE_FAMILY = "1,2";
				VERSIONING_SYSTEM = "apple-generic";
				VERSION_INFO_PREFIX = "";
			};
			name = Debug;
		};
		A43BB5BE21A301B100148CE8 /* Release */ = {
			isa = XCBuildConfiguration;
			buildSettings = {
				CODE_SIGN_IDENTITY = "";
				CODE_SIGN_STYLE = Automatic;
				CURRENT_PROJECT_VERSION = 1;
				DEFINES_MODULE = YES;
				DEVELOPMENT_TEAM = D3RCVUP6VH;
				DYLIB_COMPATIBILITY_VERSION = 1;
				DYLIB_CURRENT_VERSION = 1;
				DYLIB_INSTALL_NAME_BASE = "@rpath";
				INFOPLIST_FILE = PhotoAssessmentKit/Info.plist;
				INSTALL_PATH = "$(LOCAL_LIBRARY_DIR)/Frameworks";
				IPHONEOS_DEPLOYMENT_TARGET = 11.0;
				LD_RUNPATH_SEARCH_PATHS = (
					"$(inherited)",
					"@executable_path/Frameworks",
					"@loader_path/Frameworks",
				);
				PRODUCT_BUNDLE_IDENTIFIER = com.yulingtianxia.PhotoAssessmentKit;
				PRODUCT_NAME = "$(TARGET_NAME:c99extidentifier)";
				SKIP_INSTALL = YES;
				SWIFT_VERSION = 4.2;
				TARGETED_DEVICE_FAMILY = "1,2";
				VERSIONING_SYSTEM = "apple-generic";
				VERSION_INFO_PREFIX = "";
			};
			name = Release;
		};
		A43BB5C821A304C200148CE8 /* Debug */ = {
			isa = XCBuildConfiguration;
			buildSettings = {
				CODE_SIGN_STYLE = Automatic;
				DEVELOPMENT_TEAM = D3RCVUP6VH;
				PRODUCT_NAME = "$(TARGET_NAME)";
			};
			name = Debug;
		};
		A43BB5C921A304C200148CE8 /* Release */ = {
			isa = XCBuildConfiguration;
			buildSettings = {
				CODE_SIGN_STYLE = Automatic;
				DEVELOPMENT_TEAM = D3RCVUP6VH;
				PRODUCT_NAME = "$(TARGET_NAME)";
			};
			name = Release;
		};
		A4DDC47121B0E02E00ACF653 /* Debug */ = {
			isa = XCBuildConfiguration;
			buildSettings = {
				CODE_SIGN_IDENTITY = "Mac Developer";
				CODE_SIGN_STYLE = Automatic;
				COMBINE_HIDPI_IMAGES = YES;
				CURRENT_PROJECT_VERSION = 1;
				DEBUG_INFORMATION_FORMAT = dwarf;
				DEFINES_MODULE = YES;
				DEVELOPMENT_TEAM = D3RCVUP6VH;
				DYLIB_COMPATIBILITY_VERSION = 1;
				DYLIB_CURRENT_VERSION = 1;
				DYLIB_INSTALL_NAME_BASE = "@rpath";
				FRAMEWORK_VERSION = A;
				INFOPLIST_FILE = PhotoAssessmentMacKit/Info.plist;
				INSTALL_PATH = "$(LOCAL_LIBRARY_DIR)/Frameworks";
				LD_RUNPATH_SEARCH_PATHS = (
					"$(inherited)",
					"@executable_path/../Frameworks",
					"@loader_path/Frameworks",
				);
				MACOSX_DEPLOYMENT_TARGET = 10.13;
				PRODUCT_BUNDLE_IDENTIFIER = com.yulingtianxia.PhotoAssessmentMacKit;
				PRODUCT_NAME = "$(TARGET_NAME:c99extidentifier)";
				SDKROOT = macosx;
				SKIP_INSTALL = YES;
				SWIFT_VERSION = 4.2;
				VERSIONING_SYSTEM = "apple-generic";
				VERSION_INFO_PREFIX = "";
			};
			name = Debug;
		};
		A4DDC47221B0E02E00ACF653 /* Release */ = {
			isa = XCBuildConfiguration;
			buildSettings = {
				CODE_SIGN_IDENTITY = "Mac Developer";
				CODE_SIGN_STYLE = Automatic;
				COMBINE_HIDPI_IMAGES = YES;
				CURRENT_PROJECT_VERSION = 1;
				DEFINES_MODULE = YES;
				DEVELOPMENT_TEAM = D3RCVUP6VH;
				DYLIB_COMPATIBILITY_VERSION = 1;
				DYLIB_CURRENT_VERSION = 1;
				DYLIB_INSTALL_NAME_BASE = "@rpath";
				FRAMEWORK_VERSION = A;
				INFOPLIST_FILE = PhotoAssessmentMacKit/Info.plist;
				INSTALL_PATH = "$(LOCAL_LIBRARY_DIR)/Frameworks";
				LD_RUNPATH_SEARCH_PATHS = (
					"$(inherited)",
					"@executable_path/../Frameworks",
					"@loader_path/Frameworks",
				);
				MACOSX_DEPLOYMENT_TARGET = 10.13;
				PRODUCT_BUNDLE_IDENTIFIER = com.yulingtianxia.PhotoAssessmentMacKit;
				PRODUCT_NAME = "$(TARGET_NAME:c99extidentifier)";
				SDKROOT = macosx;
				SKIP_INSTALL = YES;
				SWIFT_VERSION = 4.2;
				VERSIONING_SYSTEM = "apple-generic";
				VERSION_INFO_PREFIX = "";
			};
			name = Release;
		};
/* End XCBuildConfiguration section */

/* Begin XCConfigurationList section */
		A412CF5C2195BE4A00306823 /* Build configuration list for PBXProject "PhotoAssessment" */ = {
			isa = XCConfigurationList;
			buildConfigurations = (
				A412CF712195BE4D00306823 /* Debug */,
				A412CF722195BE4D00306823 /* Release */,
			);
			defaultConfigurationIsVisible = 0;
			defaultConfigurationName = Release;
		};
		A412CF732195BE4D00306823 /* Build configuration list for PBXNativeTarget "PhotoAssessment" */ = {
			isa = XCConfigurationList;
			buildConfigurations = (
				A412CF742195BE4D00306823 /* Debug */,
				A412CF752195BE4D00306823 /* Release */,
			);
			defaultConfigurationIsVisible = 0;
			defaultConfigurationName = Release;
		};
		A43BB5BF21A301B100148CE8 /* Build configuration list for PBXNativeTarget "PhotoAssessmentKit" */ = {
			isa = XCConfigurationList;
			buildConfigurations = (
				A43BB5BD21A301B100148CE8 /* Debug */,
				A43BB5BE21A301B100148CE8 /* Release */,
			);
			defaultConfigurationIsVisible = 0;
			defaultConfigurationName = Release;
		};
		A43BB5C721A304C200148CE8 /* Build configuration list for PBXAggregateTarget "UniversalPhotoAssessment" */ = {
			isa = XCConfigurationList;
			buildConfigurations = (
				A43BB5C821A304C200148CE8 /* Debug */,
				A43BB5C921A304C200148CE8 /* Release */,
			);
			defaultConfigurationIsVisible = 0;
			defaultConfigurationName = Release;
		};
		A4DDC47021B0E02E00ACF653 /* Build configuration list for PBXNativeTarget "PhotoAssessmentMacKit" */ = {
			isa = XCConfigurationList;
			buildConfigurations = (
				A4DDC47121B0E02E00ACF653 /* Debug */,
				A4DDC47221B0E02E00ACF653 /* Release */,
			);
			defaultConfigurationIsVisible = 0;
			defaultConfigurationName = Release;
		};
/* End XCConfigurationList section */
	};
	rootObject = A412CF592195BE4A00306823 /* Project object */;
}
